
Microsoft Visual Studio Solution File, Format Version 12.00
# Visual Studio 15
VisualStudioVersion = 15.0.27130.2024
MinimumVisualStudioVersion = 10.0.40219.1
Project("{FAE04EC0-301F-11D3-BF4B-00C04F79EFBC}") = "Yazılım Mimarisi Ödev2", "Yazılım Mimarisi Ödev2\Yazılım Mimarisi Ödev2.csproj", "{1009B5DF-C7A4-4EC6-85BC-0BD97C760AA8}"
EndProject
Global
	GlobalSection(SolutionConfigurationPlatforms) = preSolution
		Debug|Any CPU = Debug|Any CPU
		Release|Any CPU = Release|Any CPU
	EndGlobalSection
	GlobalSection(ProjectConfigurationPlatforms) = postSolution
		{1009B5DF-C7A4-4EC6-85BC-0BD97C760AA8}.Debug|Any CPU.ActiveCfg = Debug|Any CPU
		{1009B5DF-C7A4-4EC6-85BC-0BD97C760AA8}.Debug|Any CPU.Build.0 = Debug|Any CPU
		{1009B5DF-C7A4-4EC6-85BC-0BD97C760AA8}.Release|Any CPU.ActiveCfg = Release|Any CPU
		{1009B5DF-C7A4-4EC6-85BC-0BD97C760AA8}.Release|Any CPU.Build.0 = Release|Any CPU
	EndGlobalSection
	GlobalSection(SolutionProperties) = preSolution
		HideSolutionNode = FALSE
	EndGlobalSection
	GlobalSection(ExtensibilityGlobals) = postSolution
		SolutionGuid = {6024560C-7E8F-4517-86FA-C3066EF50CC3}
	EndGlobalSection
EndGlobal
